
Microsoft Visual Studio Solution File, Format Version 12.00
# Visual Studio Version 17
VisualStudioVersion = 17.11.35327.3
MinimumVisualStudioVersion = 10.0.40219.1
Project("{FAE04EC0-301F-11D3-BF4B-00C04F79EFBC}") = "First Windows Forms Application", "First Windows Forms Application\First Windows Forms Application.csproj", "{ADF249C0-613C-4213-BFC1-BC3195955D64}"
EndProject
Project("{FAE04EC0-301F-11D3-BF4B-00C04F79EFBC}") = "Pizaa", "Pizaa\Pizaa.csproj", "{8731E7EF-0663-470F-9D8A-FEADB77084B3}"
EndProject
Project("{FAE04EC0-301F-11D3-BF4B-00C04F79EFBC}") = "XO_Game_Final", "XOGame\XO_Game_Final.csproj", "{E3965E80-0103-4FE2-8799-544B0BA192E4}"
EndProject
Global
	GlobalSection(SolutionConfigurationPlatforms) = preSolution
		Debug|Any CPU = Debug|Any CPU
		Release|Any CPU = Release|Any CPU
	EndGlobalSection
	GlobalSection(ProjectConfigurationPlatforms) = postSolution
		{ADF249C0-613C-4213-BFC1-BC3195955D64}.Debug|Any CPU.ActiveCfg = Debug|Any CPU
		{ADF249C0-613C-4213-BFC1-BC3195955D64}.Debug|Any CPU.Build.0 = Debug|Any CPU
		{ADF249C0-613C-4213-BFC1-BC3195955D64}.Release|Any CPU.ActiveCfg = Release|Any CPU
		{ADF249C0-613C-4213-BFC1-BC3195955D64}.Release|Any CPU.Build.0 = Release|Any CPU
		{8731E7EF-0663-470F-9D8A-FEADB77084B3}.Debug|Any CPU.ActiveCfg = Debug|Any CPU
		{8731E7EF-0663-470F-9D8A-FEADB77084B3}.Debug|Any CPU.Build.0 = Debug|Any CPU
		{8731E7EF-0663-470F-9D8A-FEADB77084B3}.Release|Any CPU.ActiveCfg = Release|Any CPU
		{8731E7EF-0663-470F-9D8A-FEADB77084B3}.Release|Any CPU.Build.0 = Release|Any CPU
		{E3965E80-0103-4FE2-8799-544B0BA192E4}.Debug|Any CPU.ActiveCfg = Debug|Any CPU
		{E3965E80-0103-4FE2-8799-544B0BA192E4}.Debug|Any CPU.Build.0 = Debug|Any CPU
		{E3965E80-0103-4FE2-8799-544B0BA192E4}.Release|Any CPU.ActiveCfg = Release|Any CPU
		{E3965E80-0103-4FE2-8799-544B0BA192E4}.Release|Any CPU.Build.0 = Release|Any CPU
	EndGlobalSection
	GlobalSection(SolutionProperties) = preSolution
		HideSolutionNode = FALSE
	EndGlobalSection
	GlobalSection(ExtensibilityGlobals) = postSolution
		SolutionGuid = {E01A2D47-D72F-4225-B465-A0284C84C768}
	EndGlobalSection
EndGlobal
